// !$*UTF8*$!
{
	archiveVersion = 1;
	classes = {
	};
	objectVersion = 55;
	objects = {

/* Begin PBXBuildFile section */
		899ABB9827EB459500BC348F /* DetailViewController.swift in Sources */ = {isa = PBXBuildFile; fileRef = 899ABB9727EB459500BC348F /* DetailViewController.swift */; };
		899ABB9A27EB45AA00BC348F /* SettingViewController.swift in Sources */ = {isa = PBXBuildFile; fileRef = 899ABB9927EB45AA00BC348F /* SettingViewController.swift */; };
		89B7FB5C27EA6ED900E270A1 /* MainViewController.swift in Sources */ = {isa = PBXBuildFile; fileRef = 89B7FB5B27EA6ED900E270A1 /* MainViewController.swift */; };
		89B9D97A27EB692900428F44 /* SquareView.swift in Sources */ = {isa = PBXBuildFile; fileRef = 89B9D97927EB692900428F44 /* SquareView.swift */; };
		89B9D97E27EB7E3300428F44 /* UIColor+Extension.swift in Sources */ = {isa = PBXBuildFile; fileRef = 89B9D97D27EB7E3300428F44 /* UIColor+Extension.swift */; };
		89B9D98027EB87EA00428F44 /* StageView.swift in Sources */ = {isa = PBXBuildFile; fileRef = 89B9D97F27EB87EA00428F44 /* StageView.swift */; };
		89EB72DE27E9153900E7B9C3 /* AppDelegate.swift in Sources */ = {isa = PBXBuildFile; fileRef = 89EB72DD27E9153900E7B9C3 /* AppDelegate.swift */; };
		89EB72E027E9153900E7B9C3 /* SceneDelegate.swift in Sources */ = {isa = PBXBuildFile; fileRef = 89EB72DF27E9153900E7B9C3 /* SceneDelegate.swift */; };
		89EB72E227E9153900E7B9C3 /* MainPageViewController.swift in Sources */ = {isa = PBXBuildFile; fileRef = 89EB72E127E9153900E7B9C3 /* MainPageViewController.swift */; };
		89EB72E727E9153C00E7B9C3 /* Assets.xcassets in Resources */ = {isa = PBXBuildFile; fileRef = 89EB72E627E9153C00E7B9C3 /* Assets.xcassets */; };
		89EB72EA27E9153C00E7B9C3 /* LaunchScreen.storyboard in Resources */ = {isa = PBXBuildFile; fileRef = 89EB72E827E9153C00E7B9C3 /* LaunchScreen.storyboard */; };
/* End PBXBuildFile section */

/* Begin PBXFileReference section */
		899ABB9727EB459500BC348F /* DetailViewController.swift */ = {isa = PBXFileReference; lastKnownFileType = sourcecode.swift; path = DetailViewController.swift; sourceTree = "<group>"; };
		899ABB9927EB45AA00BC348F /* SettingViewController.swift */ = {isa = PBXFileReference; lastKnownFileType = sourcecode.swift; path = SettingViewController.swift; sourceTree = "<group>"; };
		89B7FB5B27EA6ED900E270A1 /* MainViewController.swift */ = {isa = PBXFileReference; lastKnownFileType = sourcecode.swift; path = MainViewController.swift; sourceTree = "<group>"; };
		89B7FB5D27EA74CE00E270A1 /* README.md */ = {isa = PBXFileReference; lastKnownFileType = net.daringfireball.markdown; path = README.md; sourceTree = "<group>"; };
		89B9D97927EB692900428F44 /* SquareView.swift */ = {isa = PBXFileReference; lastKnownFileType = sourcecode.swift; path = SquareView.swift; sourceTree = "<group>"; };
		89B9D97D27EB7E3300428F44 /* UIColor+Extension.swift */ = {isa = PBXFileReference; lastKnownFileType = sourcecode.swift; path = "UIColor+Extension.swift"; sourceTree = "<group>"; };
		89B9D97F27EB87EA00428F44 /* StageView.swift */ = {isa = PBXFileReference; lastKnownFileType = sourcecode.swift; path = StageView.swift; sourceTree = "<group>"; };
		89EB72DA27E9153900E7B9C3 /* SpaceX.app */ = {isa = PBXFileReference; explicitFileType = wrapper.application; includeInIndex = 0; path = SpaceX.app; sourceTree = BUILT_PRODUCTS_DIR; };
		89EB72DD27E9153900E7B9C3 /* AppDelegate.swift */ = {isa = PBXFileReference; lastKnownFileType = sourcecode.swift; path = AppDelegate.swift; sourceTree = "<group>"; };
		89EB72DF27E9153900E7B9C3 /* SceneDelegate.swift */ = {isa = PBXFileReference; lastKnownFileType = sourcecode.swift; path = SceneDelegate.swift; sourceTree = "<group>"; };
		89EB72E127E9153900E7B9C3 /* MainPageViewController.swift */ = {isa = PBXFileReference; lastKnownFileType = sourcecode.swift; path = MainPageViewController.swift; sourceTree = "<group>"; };
		89EB72E627E9153C00E7B9C3 /* Assets.xcassets */ = {isa = PBXFileReference; lastKnownFileType = folder.assetcatalog; path = Assets.xcassets; sourceTree = "<group>"; };
		89EB72E927E9153C00E7B9C3 /* Base */ = {isa = PBXFileReference; lastKnownFileType = file.storyboard; name = Base; path = Base.lproj/LaunchScreen.storyboard; sourceTree = "<group>"; };
		89EB72EB27E9153C00E7B9C3 /* Info.plist */ = {isa = PBXFileReference; lastKnownFileType = text.plist.xml; path = Info.plist; sourceTree = "<group>"; };
/* End PBXFileReference section */

/* Begin PBXFrameworksBuildPhase section */
		89EB72D727E9153900E7B9C3 /* Frameworks */ = {
			isa = PBXFrameworksBuildPhase;
			buildActionMask = 2147483647;
			files = (
			);
			runOnlyForDeploymentPostprocessing = 0;
		};
/* End PBXFrameworksBuildPhase section */

/* Begin PBXGroup section */
		899ABB9327EB43BC00BC348F /* FirstScreen */ = {
			isa = PBXGroup;
			children = (
				89B9D97B27EB6CBD00428F44 /* Controller */,
				89B9D97827EB690700428F44 /* View */,
			);
			path = FirstScreen;
			sourceTree = "<group>";
		};
		899ABB9427EB43C900BC348F /* SecondScreen */ = {
			isa = PBXGroup;
			children = (
				899ABB9727EB459500BC348F /* DetailViewController.swift */,
			);
			path = SecondScreen;
			sourceTree = "<group>";
		};
		899ABB9527EB440000BC348F /* ThrirdScreen */ = {
			isa = PBXGroup;
			children = (
				899ABB9927EB45AA00BC348F /* SettingViewController.swift */,
			);
			path = ThrirdScreen;
			sourceTree = "<group>";
		};
		899ABB9627EB441200BC348F /* Model */ = {
			isa = PBXGroup;
			children = (
			);
			path = Model;
			sourceTree = "<group>";
		};
		89B9D97827EB690700428F44 /* View */ = {
			isa = PBXGroup;
			children = (
				89B9D97927EB692900428F44 /* SquareView.swift */,
				89B9D97F27EB87EA00428F44 /* StageView.swift */,
			);
			path = View;
			sourceTree = "<group>";
		};
		89B9D97B27EB6CBD00428F44 /* Controller */ = {
			isa = PBXGroup;
			children = (
				89EB72E127E9153900E7B9C3 /* MainPageViewController.swift */,
				89B7FB5B27EA6ED900E270A1 /* MainViewController.swift */,
			);
			path = Controller;
			sourceTree = "<group>";
		};
		89B9D97C27EB7E0C00428F44 /* Extension */ = {
			isa = PBXGroup;
			children = (
				89B9D97D27EB7E3300428F44 /* UIColor+Extension.swift */,
			);
			path = Extension;
			sourceTree = "<group>";
		};
		89EB72D127E9153900E7B9C3 = {
			isa = PBXGroup;
			children = (
				89B7FB5D27EA74CE00E270A1 /* README.md */,
				89EB72DC27E9153900E7B9C3 /* SpaceX */,
				89EB72DB27E9153900E7B9C3 /* Products */,
			);
			sourceTree = "<group>";
		};
		89EB72DB27E9153900E7B9C3 /* Products */ = {
			isa = PBXGroup;
			children = (
				89EB72DA27E9153900E7B9C3 /* SpaceX.app */,
			);
			name = Products;
			sourceTree = "<group>";
		};
		89EB72DC27E9153900E7B9C3 /* SpaceX */ = {
			isa = PBXGroup;
			children = (
				89EB72F127E9186000E7B9C3 /* System */,
				899ABB9327EB43BC00BC348F /* FirstScreen */,
				899ABB9427EB43C900BC348F /* SecondScreen */,
				899ABB9527EB440000BC348F /* ThrirdScreen */,
				899ABB9627EB441200BC348F /* Model */,
				89B9D97C27EB7E0C00428F44 /* Extension */,
				89EB72F227E9186F00E7B9C3 /* Files */,
			);
			path = SpaceX;
			sourceTree = "<group>";
		};
		89EB72F127E9186000E7B9C3 /* System */ = {
			isa = PBXGroup;
			children = (
				89EB72DD27E9153900E7B9C3 /* AppDelegate.swift */,
				89EB72DF27E9153900E7B9C3 /* SceneDelegate.swift */,
			);
			path = System;
			sourceTree = "<group>";
		};
		89EB72F227E9186F00E7B9C3 /* Files */ = {
			isa = PBXGroup;
			children = (
				89EB72E627E9153C00E7B9C3 /* Assets.xcassets */,
				89EB72E827E9153C00E7B9C3 /* LaunchScreen.storyboard */,
				89EB72EB27E9153C00E7B9C3 /* Info.plist */,
			);
			name = Files;
			sourceTree = "<group>";
		};
/* End PBXGroup section */

/* Begin PBXNativeTarget section */
		89EB72D927E9153900E7B9C3 /* SpaceX */ = {
			isa = PBXNativeTarget;
			buildConfigurationList = 89EB72EE27E9153C00E7B9C3 /* Build configuration list for PBXNativeTarget "SpaceX" */;
			buildPhases = (
				89EB72D627E9153900E7B9C3 /* Sources */,
				89EB72D727E9153900E7B9C3 /* Frameworks */,
				89EB72D827E9153900E7B9C3 /* Resources */,
			);
			buildRules = (
			);
			dependencies = (
			);
			name = SpaceX;
			productName = SpaceX;
			productReference = 89EB72DA27E9153900E7B9C3 /* SpaceX.app */;
			productType = "com.apple.product-type.application";
		};
/* End PBXNativeTarget section */

/* Begin PBXProject section */
		89EB72D227E9153900E7B9C3 /* Project object */ = {
			isa = PBXProject;
			attributes = {
				BuildIndependentTargetsInParallel = 1;
				LastSwiftUpdateCheck = 1320;
				LastUpgradeCheck = 1320;
				TargetAttributes = {
					89EB72D927E9153900E7B9C3 = {
						CreatedOnToolsVersion = 13.2.1;
					};
				};
			};
			buildConfigurationList = 89EB72D527E9153900E7B9C3 /* Build configuration list for PBXProject "SpaceX" */;
			compatibilityVersion = "Xcode 13.0";
			developmentRegion = en;
			hasScannedForEncodings = 0;
			knownRegions = (
				en,
				Base,
			);
			mainGroup = 89EB72D127E9153900E7B9C3;
			productRefGroup = 89EB72DB27E9153900E7B9C3 /* Products */;
			projectDirPath = "";
			projectRoot = "";
			targets = (
				89EB72D927E9153900E7B9C3 /* SpaceX */,
			);
		};
/* End PBXProject section */

/* Begin PBXResourcesBuildPhase section */
		89EB72D827E9153900E7B9C3 /* Resources */ = {
			isa = PBXResourcesBuildPhase;
			buildActionMask = 2147483647;
			files = (
				89EB72EA27E9153C00E7B9C3 /* LaunchScreen.storyboard in Resources */,
				89EB72E727E9153C00E7B9C3 /* Assets.xcassets in Resources */,
			);
			runOnlyForDeploymentPostprocessing = 0;
		};
/* End PBXResourcesBuildPhase section */

/* Begin PBXSourcesBuildPhase section */
		89EB72D627E9153900E7B9C3 /* Sources */ = {
			isa = PBXSourcesBuildPhase;
			buildActionMask = 2147483647;
			files = (
				89EB72E227E9153900E7B9C3 /* MainPageViewController.swift in Sources */,
				89EB72DE27E9153900E7B9C3 /* AppDelegate.swift in Sources */,
				899ABB9827EB459500BC348F /* DetailViewController.swift in Sources */,
				89EB72E027E9153900E7B9C3 /* SceneDelegate.swift in Sources */,
				89B9D98027EB87EA00428F44 /* StageView.swift in Sources */,
				89B9D97A27EB692900428F44 /* SquareView.swift in Sources */,
				89B7FB5C27EA6ED900E270A1 /* MainViewController.swift in Sources */,
				899ABB9A27EB45AA00BC348F /* SettingViewController.swift in Sources */,
				89B9D97E27EB7E3300428F44 /* UIColor+Extension.swift in Sources */,
			);
			runOnlyForDeploymentPostprocessing = 0;
		};
/* End PBXSourcesBuildPhase section */

/* Begin PBXVariantGroup section */
		89EB72E827E9153C00E7B9C3 /* LaunchScreen.storyboard */ = {
			isa = PBXVariantGroup;
			children = (
				89EB72E927E9153C00E7B9C3 /* Base */,
			);
			name = LaunchScreen.storyboard;
			sourceTree = "<group>";
		};
/* End PBXVariantGroup section */

/* Begin XCBuildConfiguration section */
		89EB72EC27E9153C00E7B9C3 /* Debug */ = {
			isa = XCBuildConfiguration;
			buildSettings = {
				ALWAYS_SEARCH_USER_PATHS = NO;
				CLANG_ANALYZER_NONNULL = YES;
				CLANG_ANALYZER_NUMBER_OBJECT_CONVERSION = YES_AGGRESSIVE;
				CLANG_CXX_LANGUAGE_STANDARD = "gnu++17";
				CLANG_CXX_LIBRARY = "libc++";
				CLANG_ENABLE_MODULES = YES;
				CLANG_ENABLE_OBJC_ARC = YES;
				CLANG_ENABLE_OBJC_WEAK = YES;
				CLANG_WARN_BLOCK_CAPTURE_AUTORELEASING = YES;
				CLANG_WARN_BOOL_CONVERSION = YES;
				CLANG_WARN_COMMA = YES;
				CLANG_WARN_CONSTANT_CONVERSION = YES;
				CLANG_WARN_DEPRECATED_OBJC_IMPLEMENTATIONS = YES;
				CLANG_WARN_DIRECT_OBJC_ISA_USAGE = YES_ERROR;
				CLANG_WARN_DOCUMENTATION_COMMENTS = YES;
				CLANG_WARN_EMPTY_BODY = YES;
				CLANG_WARN_ENUM_CONVERSION = YES;
				CLANG_WARN_INFINITE_RECURSION = YES;
				CLANG_WARN_INT_CONVERSION = YES;
				CLANG_WARN_NON_LITERAL_NULL_CONVERSION = YES;
				CLANG_WARN_OBJC_IMPLICIT_RETAIN_SELF = YES;
				CLANG_WARN_OBJC_LITERAL_CONVERSION = YES;
				CLANG_WARN_OBJC_ROOT_CLASS = YES_ERROR;
				CLANG_WARN_QUOTED_INCLUDE_IN_FRAMEWORK_HEADER = YES;
				CLANG_WARN_RANGE_LOOP_ANALYSIS = YES;
				CLANG_WARN_STRICT_PROTOTYPES = YES;
				CLANG_WARN_SUSPICIOUS_MOVE = YES;
				CLANG_WARN_UNGUARDED_AVAILABILITY = YES_AGGRESSIVE;
				CLANG_WARN_UNREACHABLE_CODE = YES;
				CLANG_WARN__DUPLICATE_METHOD_MATCH = YES;
				COPY_PHASE_STRIP = NO;
				DEBUG_INFORMATION_FORMAT = dwarf;
				ENABLE_STRICT_OBJC_MSGSEND = YES;
				ENABLE_TESTABILITY = YES;
				GCC_C_LANGUAGE_STANDARD = gnu11;
				GCC_DYNAMIC_NO_PIC = NO;
				GCC_NO_COMMON_BLOCKS = YES;
				GCC_OPTIMIZATION_LEVEL = 0;
				GCC_PREPROCESSOR_DEFINITIONS = (
					"DEBUG=1",
					"$(inherited)",
				);
				GCC_WARN_64_TO_32_BIT_CONVERSION = YES;
				GCC_WARN_ABOUT_RETURN_TYPE = YES_ERROR;
				GCC_WARN_UNDECLARED_SELECTOR = YES;
				GCC_WARN_UNINITIALIZED_AUTOS = YES_AGGRESSIVE;
				GCC_WARN_UNUSED_FUNCTION = YES;
				GCC_WARN_UNUSED_VARIABLE = YES;
				IPHONEOS_DEPLOYMENT_TARGET = 15.2;
				MTL_ENABLE_DEBUG_INFO = INCLUDE_SOURCE;
				MTL_FAST_MATH = YES;
				ONLY_ACTIVE_ARCH = YES;
				SDKROOT = iphoneos;
				SWIFT_ACTIVE_COMPILATION_CONDITIONS = DEBUG;
				SWIFT_OPTIMIZATION_LEVEL = "-Onone";
			};
			name = Debug;
		};
		89EB72ED27E9153C00E7B9C3 /* Release */ = {
			isa = XCBuildConfiguration;
			buildSettings = {
				ALWAYS_SEARCH_USER_PATHS = NO;
				CLANG_ANALYZER_NONNULL = YES;
				CLANG_ANALYZER_NUMBER_OBJECT_CONVERSION = YES_AGGRESSIVE;
				CLANG_CXX_LANGUAGE_STANDARD = "gnu++17";
				CLANG_CXX_LIBRARY = "libc++";
				CLANG_ENABLE_MODULES = YES;
				CLANG_ENABLE_OBJC_ARC = YES;
				CLANG_ENABLE_OBJC_WEAK = YES;
				CLANG_WARN_BLOCK_CAPTURE_AUTORELEASING = YES;
				CLANG_WARN_BOOL_CONVERSION = YES;
				CLANG_WARN_COMMA = YES;
				CLANG_WARN_CONSTANT_CONVERSION = YES;
				CLANG_WARN_DEPRECATED_OBJC_IMPLEMENTATIONS = YES;
				CLANG_WARN_DIRECT_OBJC_ISA_USAGE = YES_ERROR;
				CLANG_WARN_DOCUMENTATION_COMMENTS = YES;
				CLANG_WARN_EMPTY_BODY = YES;
				CLANG_WARN_ENUM_CONVERSION = YES;
				CLANG_WARN_INFINITE_RECURSION = YES;
				CLANG_WARN_INT_CONVERSION = YES;
				CLANG_WARN_NON_LITERAL_NULL_CONVERSION = YES;
				CLANG_WARN_OBJC_IMPLICIT_RETAIN_SELF = YES;
				CLANG_WARN_OBJC_LITERAL_CONVERSION = YES;
				CLANG_WARN_OBJC_ROOT_CLASS = YES_ERROR;
				CLANG_WARN_QUOTED_INCLUDE_IN_FRAMEWORK_HEADER = YES;
				CLANG_WARN_RANGE_LOOP_ANALYSIS = YES;
				CLANG_WARN_STRICT_PROTOTYPES = YES;
				CLANG_WARN_SUSPICIOUS_MOVE = YES;
				CLANG_WARN_UNGUARDED_AVAILABILITY = YES_AGGRESSIVE;
				CLANG_WARN_UNREACHABLE_CODE = YES;
				CLANG_WARN__DUPLICATE_METHOD_MATCH = YES;
				COPY_PHASE_STRIP = NO;
				DEBUG_INFORMATION_FORMAT = "dwarf-with-dsym";
				ENABLE_NS_ASSERTIONS = NO;
				ENABLE_STRICT_OBJC_MSGSEND = YES;
				GCC_C_LANGUAGE_STANDARD = gnu11;
				GCC_NO_COMMON_BLOCKS = YES;
				GCC_WARN_64_TO_32_BIT_CONVERSION = YES;
				GCC_WARN_ABOUT_RETURN_TYPE = YES_ERROR;
				GCC_WARN_UNDECLARED_SELECTOR = YES;
				GCC_WARN_UNINITIALIZED_AUTOS = YES_AGGRESSIVE;
				GCC_WARN_UNUSED_FUNCTION = YES;
				GCC_WARN_UNUSED_VARIABLE = YES;
				IPHONEOS_DEPLOYMENT_TARGET = 15.2;
				MTL_ENABLE_DEBUG_INFO = NO;
				MTL_FAST_MATH = YES;
				SDKROOT = iphoneos;
				SWIFT_COMPILATION_MODE = wholemodule;
				SWIFT_OPTIMIZATION_LEVEL = "-O";
				VALIDATE_PRODUCT = YES;
			};
			name = Release;
		};
		89EB72EF27E9153C00E7B9C3 /* Debug */ = {
			isa = XCBuildConfiguration;
			buildSettings = {
				ASSETCATALOG_COMPILER_APPICON_NAME = AppIcon;
				ASSETCATALOG_COMPILER_GLOBAL_ACCENT_COLOR_NAME = AccentColor;
				CODE_SIGN_STYLE = Automatic;
				CURRENT_PROJECT_VERSION = 1;
				DEVELOPMENT_TEAM = P5BAPBZ387;
				GENERATE_INFOPLIST_FILE = YES;
				INFOPLIST_FILE = SpaceX/Info.plist;
				INFOPLIST_KEY_UIApplicationSupportsIndirectInputEvents = YES;
				INFOPLIST_KEY_UILaunchStoryboardName = LaunchScreen;
				INFOPLIST_KEY_UISupportedInterfaceOrientations = UIInterfaceOrientationPortrait;
				INFOPLIST_KEY_UISupportedInterfaceOrientations_iPad = "UIInterfaceOrientationPortrait UIInterfaceOrientationPortraitUpsideDown UIInterfaceOrientationLandscapeLeft UIInterfaceOrientationLandscapeRight";
				INFOPLIST_KEY_UISupportedInterfaceOrientations_iPhone = "UIInterfaceOrientationPortrait UIInterfaceOrientationLandscapeLeft UIInterfaceOrientationLandscapeRight";
				IPHONEOS_DEPLOYMENT_TARGET = 13.6;
				LD_RUNPATH_SEARCH_PATHS = (
					"$(inherited)",
					"@executable_path/Frameworks",
				);
				MARKETING_VERSION = 1.0;
				PRODUCT_BUNDLE_IDENTIFIER = com.alexrozh.SpaceX;
				PRODUCT_NAME = "$(TARGET_NAME)";
				SWIFT_EMIT_LOC_STRINGS = YES;
				SWIFT_VERSION = 5.0;
				TARGETED_DEVICE_FAMILY = 1;
			};
			name = Debug;
		};
		89EB72F027E9153C00E7B9C3 /* Release */ = {
			isa = XCBuildConfiguration;
			buildSettings = {
				ASSETCATALOG_COMPILER_APPICON_NAME = AppIcon;
				ASSETCATALOG_COMPILER_GLOBAL_ACCENT_COLOR_NAME = AccentColor;
				CODE_SIGN_STYLE = Automatic;
				CURRENT_PROJECT_VERSION = 1;
				DEVELOPMENT_TEAM = P5BAPBZ387;
				GENERATE_INFOPLIST_FILE = YES;
				INFOPLIST_FILE = SpaceX/Info.plist;
				INFOPLIST_KEY_UIApplicationSupportsIndirectInputEvents = YES;
				INFOPLIST_KEY_UILaunchStoryboardName = LaunchScreen;
				INFOPLIST_KEY_UISupportedInterfaceOrientations = UIInterfaceOrientationPortrait;
				INFOPLIST_KEY_UISupportedInterfaceOrientations_iPad = "UIInterfaceOrientationPortrait UIInterfaceOrientationPortraitUpsideDown UIInterfaceOrientationLandscapeLeft UIInterfaceOrientationLandscapeRight";
				INFOPLIST_KEY_UISupportedInterfaceOrientations_iPhone = "UIInterfaceOrientationPortrait UIInterfaceOrientationLandscapeLeft UIInterfaceOrientationLandscapeRight";
				IPHONEOS_DEPLOYMENT_TARGET = 13.6;
				LD_RUNPATH_SEARCH_PATHS = (
					"$(inherited)",
					"@executable_path/Frameworks",
				);
				MARKETING_VERSION = 1.0;
				PRODUCT_BUNDLE_IDENTIFIER = com.alexrozh.SpaceX;
				PRODUCT_NAME = "$(TARGET_NAME)";
				SWIFT_EMIT_LOC_STRINGS = YES;
				SWIFT_VERSION = 5.0;
				TARGETED_DEVICE_FAMILY = 1;
			};
			name = Release;
		};
/* End XCBuildConfiguration section */

/* Begin XCConfigurationList section */
		89EB72D527E9153900E7B9C3 /* Build configuration list for PBXProject "SpaceX" */ = {
			isa = XCConfigurationList;
			buildConfigurations = (
				89EB72EC27E9153C00E7B9C3 /* Debug */,
				89EB72ED27E9153C00E7B9C3 /* Release */,
			);
			defaultConfigurationIsVisible = 0;
			defaultConfigurationName = Release;
		};
		89EB72EE27E9153C00E7B9C3 /* Build configuration list for PBXNativeTarget "SpaceX" */ = {
			isa = XCConfigurationList;
			buildConfigurations = (
				89EB72EF27E9153C00E7B9C3 /* Debug */,
				89EB72F027E9153C00E7B9C3 /* Release */,
			);
			defaultConfigurationIsVisible = 0;
			defaultConfigurationName = Release;
		};
/* End XCConfigurationList section */
	};
	rootObject = 89EB72D227E9153900E7B9C3 /* Project object */;
}
